<?xml version="1.0" encoding="utf-8"?>
<Project ToolsVersion="4.0" xmlns="http://schemas.microsoft.com/developer/msbuild/2003">
  <ItemGroup>
    <Filter Include="Source Files">
      <UniqueIdentifier>{4FC737F1-C7A5-4376-A066-2A32D752A2FF}</UniqueIdentifier>
      <Extensions>cpp;c;cc;cxx;def;odl;idl;hpj;bat;asm;asmx</Extensions>
    </Filter>
    <Filter Include="Header Files">
      <UniqueIdentifier>{93995380-89BD-4b04-88EB-625FBE52EBFB}</UniqueIdentifier>
      <Extensions>h;hpp;hxx;hm;inl;inc;xsd</Extensions>
    </Filter>
    <Filter Include="Resource Files">
      <UniqueIdentifier>{67DA6AB6-F800-4c08-8B7A-83BB121AAD01}</UniqueIdentifier>
      <Extensions>rc;ico;cur;bmp;dlg;rc2;rct;bin;rgs;gif;jpg;jpeg;jpe;resx;tiff;tif;png;wav</Extensions>
    </Filter>
  </ItemGroup>
  <ItemGroup>
    <ClCompile Include="ado_conn.cpp">
      <Filter>Source Files</Filter>
    </ClCompile>
    <ClCompile Include="EnterCTPUserDlg.cpp">
      <Filter>Source Files</Filter>
    </ClCompile>
    <ClCompile Include="HitTraderApi.cpp">
      <Filter>Source Files</Filter>
    </ClCompile>
    <ClCompile Include="HitTraderApiDlg.cpp">
      <Filter>Source Files</Filter>
    </ClCompile>
    <ClCompile Include="InsertOrderDlg.cpp">
      <Filter>Source Files</Filter>
    </ClCompile>
    <ClCompile Include="MdSpi.cpp">
      <Filter>Source Files</Filter>
    </ClCompile>
    <ClCompile Include="Message.cpp">
      <Filter>Source Files</Filter>
    </ClCompile>
    <ClCompile Include="MIndicator.cpp">
      <Filter>Source Files</Filter>
    </ClCompile>
    <ClCompile Include="MyTimer.cpp">
      <Filter>Source Files</Filter>
    </ClCompile>
    <ClCompile Include="stdafx.cpp">
      <Filter>Source Files</Filter>
    </ClCompile>
    <ClCompile Include="TickDataList.cpp">
      <Filter>Source Files</Filter>
    </ClCompile>
    <ClCompile Include="OrderDataList.cpp">
      <Filter>Source Files</Filter>
    </ClCompile>
    <ClCompile Include="ScreenDisplayThread.cpp">
      <Filter>Source Files</Filter>
    </ClCompile>
    <ClCompile Include="MessageList.cpp">
      <Filter>Source Files</Filter>
    </ClCompile>
    <ClCompile Include="MyThread.cpp">
      <Filter>Source Files</Filter>
    </ClCompile>
    <ClCompile Include="LogMsgThread.cpp">
      <Filter>Source Files</Filter>
    </ClCompile>
    <ClCompile Include="OrdersMgrDlg.cpp">
      <Filter>Source Files</Filter>
    </ClCompile>
    <ClCompile Include="ParamsMgrDlg.cpp">
      <Filter>Source Files</Filter>
    </ClCompile>
    <ClCompile Include="PositionsMgrDlg.cpp">
      <Filter>Source Files</Filter>
    </ClCompile>
    <ClCompile Include="Strategy.cpp">
      <Filter>Source Files</Filter>
    </ClCompile>
    <ClCompile Include="DispatchTdMsgThread.cpp">
      <Filter>Source Files</Filter>
    </ClCompile>
    <ClCompile Include="StrategyLastTTimeOpen.cpp">
      <Filter>Source Files</Filter>
    </ClCompile>
    <ClCompile Include="StrategyOpenPriceOpening.cpp">
      <Filter>Source Files</Filter>
    </ClCompile>
    <ClCompile Include="LocalCLMgrDlg.cpp">
      <Filter>Source Files</Filter>
    </ClCompile>
    <ClCompile Include="TradesDisplayDlg.cpp">
      <Filter>Source Files</Filter>
    </ClCompile>
    <ClCompile Include="InstMgrDlg.cpp">
      <Filter>Source Files</Filter>
    </ClCompile>
    <ClCompile Include="StrategyRecoverDlg.cpp">
      <Filter>Source Files</Filter>
    </ClCompile>
    <ClCompile Include="EsunTraderSpi.cpp">
      <Filter>Source Files</Filter>
    </ClCompile>
    <ClCompile Include="ThostTraderSpi.cpp">
      <Filter>Source Files</Filter>
    </ClCompile>
    <ClCompile Include="LockVariable.cpp">
      <Filter>Source Files</Filter>
    </ClCompile>
    <ClCompile Include="SgitTraderSpi.cpp">
      <Filter>Source Files</Filter>
    </ClCompile>
    <ClCompile Include="StrategyGridOpen.cpp">
      <Filter>Source Files</Filter>
    </ClCompile>
    <ClCompile Include="GlobalFunc.cpp">
      <Filter>Source Files</Filter>
    </ClCompile>
    <ClCompile Include="StrategyKDJ.cpp">
      <Filter>Source Files</Filter>
    </ClCompile>
    <ClCompile Include="StrategyBandMomnt.cpp">
      <Filter>Source Files</Filter>
    </ClCompile>
    <ClCompile Include="MdDlg.cpp">
      <Filter>Source Files</Filter>
    </ClCompile>
    <ClCompile Include="EsunMdSpi.cpp">
      <Filter>Source Files</Filter>
    </ClCompile>
    <ClCompile Include="SgitMdSpi.cpp">
      <Filter>Source Files</Filter>
    </ClCompile>
    <ClCompile Include="ThostMdSpi.cpp">
      <Filter>Source Files</Filter>
    </ClCompile>
    <ClCompile Include="MDDataDispatchThread.cpp">
      <Filter>Source Files</Filter>
    </ClCompile>
    <ClCompile Include="CMdInstMgrDlg.cpp">
      <Filter>Source Files</Filter>
    </ClCompile>
    <ClCompile Include="StrategyWaveOpen.cpp">
      <Filter>Source Files</Filter>
    </ClCompile>
    <ClCompile Include="StrategyWaveOpenAdd.cpp">
      <Filter>Source Files</Filter>
    </ClCompile>
    <ClCompile Include="InstListDlg.cpp">
      <Filter>Source Files</Filter>
    </ClCompile>
    <ClCompile Include="StrategyBar.cpp">
      <Filter>Source Files</Filter>
    </ClCompile>
    <ClCompile Include="StrategyUpDownR.cpp">
      <Filter>Source Files</Filter>
    </ClCompile>
    <ClCompile Include="database.cpp">
      <Filter>Source Files</Filter>
    </ClCompile>
    <ClCompile Include="StrategyAvgLine.cpp">
      <Filter>Source Files</Filter>
    </ClCompile>
    <ClCompile Include="StrategyAvgDown.cpp">
      <Filter>Source Files</Filter>
    </ClCompile>
    <ClCompile Include="StrategyOpenPriceOpeningNew.cpp">
      <Filter>Source Files</Filter>
    </ClCompile>
    <ClCompile Include="StrategyBaseGridMAStopOpen.cpp">
      <Filter>Source Files</Filter>
    </ClCompile>
    <ClCompile Include="StrategyBaseGridOpenCffex.cpp">
      <Filter>Source Files</Filter>
    </ClCompile>
    <ClCompile Include="StrategyBaseGridOpen.cpp">
      <Filter>Source Files</Filter>
    </ClCompile>
    <ClCompile Include="StrategyThreeK.cpp">
      <Filter>Source Files</Filter>
    </ClCompile>
    <ClCompile Include="StrategyOpenPriceOpeningNight.cpp">
      <Filter>Source Files</Filter>
    </ClCompile>
    <ClCompile Include="StrategyOpenPriceOpeningAsia.cpp">
      <Filter>Source Files</Filter>
    </ClCompile>
    <ClCompile Include="TradeDataList.cpp">
      <Filter>Source Files</Filter>
    </ClCompile>
    <ClCompile Include="StrategyBaseGridMAStopOpenCffex.cpp">
      <Filter>Source Files</Filter>
    </ClCompile>
    <ClCompile Include="StrategyGridMAStopGTCChop.cpp">
      <Filter>Source Files</Filter>
    </ClCompile>
    <ClCompile Include="StrategySpeedBreak.cpp">
      <Filter>Source Files</Filter>
    </ClCompile>
    <ClCompile Include="RiskManagementTcp.cpp">
      <Filter>Source Files</Filter>
    </ClCompile>
    <ClCompile Include="RSMsgList.cpp">
      <Filter>Source Files</Filter>
    </ClCompile>
    <ClCompile Include="StrategyDT.cpp">
      <Filter>Source Files</Filter>
    </ClCompile>
    <ClCompile Include="StrategyBaoChe.cpp">
      <Filter>Source Files</Filter>
    </ClCompile>
    <ClCompile Include="StrategyBaseGridOpen_plus.cpp">
      <Filter>Source Files</Filter>
    </ClCompile>
  </ItemGroup>
  <ItemGroup>
    <ClInclude Include="ado_conn.h">
      <Filter>Header Files</Filter>
    </ClInclude>
    <ClInclude Include="ado_pool.h">
      <Filter>Header Files</Filter>
    </ClInclude>
    <ClInclude Include="EnterCTPUserDlg.h">
      <Filter>Header Files</Filter>
    </ClInclude>
    <ClInclude Include="Global.h">
      <Filter>Header Files</Filter>
    </ClInclude>
    <ClInclude Include="HitTraderApi.h">
      <Filter>Header Files</Filter>
    </ClInclude>
    <ClInclude Include="HitTraderApiDlg.h">
      <Filter>Header Files</Filter>
    </ClInclude>
    <ClInclude Include="InsertOrderDlg.h">
      <Filter>Header Files</Filter>
    </ClInclude>
    <ClInclude Include="MdSpi.h">
      <Filter>Header Files</Filter>
    </ClInclude>
    <ClInclude Include="Message.h">
      <Filter>Header Files</Filter>
    </ClInclude>
    <ClInclude Include="MIndicator.h">
      <Filter>Header Files</Filter>
    </ClInclude>
    <ClInclude Include="MyStruct.h">
      <Filter>Header Files</Filter>
    </ClInclude>
    <ClInclude Include="MyTimer.h">
      <Filter>Header Files</Filter>
    </ClInclude>
    <ClInclude Include="Resource.h">
      <Filter>Header Files</Filter>
    </ClInclude>
    <ClInclude Include="stdafx.h">
      <Filter>Header Files</Filter>
    </ClInclude>
    <ClInclude Include="targetver.h">
      <Filter>Header Files</Filter>
    </ClInclude>
    <ClInclude Include="TickDataList.h">
      <Filter>Header Files</Filter>
    </ClInclude>
    <ClInclude Include="EsunnyQuot.h">
      <Filter>Header Files</Filter>
    </ClInclude>
    <ClInclude Include="OrderDataList.h">
      <Filter>Header Files</Filter>
    </ClInclude>
    <ClInclude Include="ScreenDisplayThread.h">
      <Filter>Header Files</Filter>
    </ClInclude>
    <ClInclude Include="MessageList.h">
      <Filter>Header Files</Filter>
    </ClInclude>
    <ClInclude Include="MyThread.h">
      <Filter>Header Files</Filter>
    </ClInclude>
    <ClInclude Include="LogMsgThread.h">
      <Filter>Header Files</Filter>
    </ClInclude>
    <ClInclude Include="OrdersMgrDlg.h">
      <Filter>Header Files</Filter>
    </ClInclude>
    <ClInclude Include="ParamsMgrDlg.h">
      <Filter>Header Files</Filter>
    </ClInclude>
    <ClInclude Include="PositionsMgrDlg.h">
      <Filter>Header Files</Filter>
    </ClInclude>
    <ClInclude Include="Strategy.h">
      <Filter>Header Files</Filter>
    </ClInclude>
    <ClInclude Include="DispatchTdMsgThread.h">
      <Filter>Header Files</Filter>
    </ClInclude>
    <ClInclude Include="shmstruct.h">
      <Filter>Header Files</Filter>
    </ClInclude>
    <ClInclude Include="StrategyLastTTimeOpen.h">
      <Filter>Header Files</Filter>
    </ClInclude>
    <ClInclude Include="StrategyOpenPriceOpening.h">
      <Filter>Header Files</Filter>
    </ClInclude>
    <ClInclude Include="LocalCLMgrDlg.h">
      <Filter>Header Files</Filter>
    </ClInclude>
    <ClInclude Include="TradesDisplayDlg.h">
      <Filter>Header Files</Filter>
    </ClInclude>
    <ClInclude Include="InstMgrDlg.h">
      <Filter>Header Files</Filter>
    </ClInclude>
    <ClInclude Include="StrategyRecoverDlg.h">
      <Filter>Header Files</Filter>
    </ClInclude>
    <ClInclude Include="EsunTraderSpi.h">
      <Filter>Header Files</Filter>
    </ClInclude>
    <ClInclude Include="ThostTraderSpi.h">
      <Filter>Header Files</Filter>
    </ClInclude>
    <ClInclude Include="LockVariable.h">
      <Filter>Header Files</Filter>
    </ClInclude>
    <ClInclude Include="SgitTraderSpi.h">
      <Filter>Header Files</Filter>
    </ClInclude>
    <ClInclude Include="StrategyGridOpen.h">
      <Filter>Header Files</Filter>
    </ClInclude>
    <ClInclude Include="GlobalFunc.h">
      <Filter>Header Files</Filter>
    </ClInclude>
    <ClInclude Include="StrategyKDJ.h">
      <Filter>Header Files</Filter>
    </ClInclude>
    <ClInclude Include="StrategyBandMomnt.h">
      <Filter>Header Files</Filter>
    </ClInclude>
    <ClInclude Include="MdDlg.h">
      <Filter>Header Files</Filter>
    </ClInclude>
    <ClInclude Include="EsunMdSpi.h">
      <Filter>Header Files</Filter>
    </ClInclude>
    <ClInclude Include="SgitMdSpi.h">
      <Filter>Header Files</Filter>
    </ClInclude>
    <ClInclude Include="ThostMdSpi.h">
      <Filter>Header Files</Filter>
    </ClInclude>
    <ClInclude Include="MDDataDispatchThread.h">
      <Filter>Header Files</Filter>
    </ClInclude>
    <ClInclude Include="CMdInstMgrDlg.h">
      <Filter>Header Files</Filter>
    </ClInclude>
    <ClInclude Include="StrategyWaveOpen.h">
      <Filter>Header Files</Filter>
    </ClInclude>
    <ClInclude Include="StrategyWaveOpenAdd.h">
      <Filter>Header Files</Filter>
    </ClInclude>
    <ClInclude Include="InstListDlg.h">
      <Filter>Header Files</Filter>
    </ClInclude>
    <ClInclude Include="StrategyBar.h">
      <Filter>Header Files</Filter>
    </ClInclude>
    <ClInclude Include="database.h">
      <Filter>Header Files</Filter>
    </ClInclude>
    <ClInclude Include="StrategyUpDownR.h">
      <Filter>Header Files</Filter>
    </ClInclude>
    <ClInclude Include="StrategyAvgLine.h">
      <Filter>Header Files</Filter>
    </ClInclude>
    <ClInclude Include="StrategyAvgDown.h">
      <Filter>Header Files</Filter>
    </ClInclude>
    <ClInclude Include="StrategyOpenPriceOpeningNew.h">
      <Filter>Header Files</Filter>
    </ClInclude>
    <ClInclude Include="StrategyBaseGridMAStopOpen.h">
      <Filter>Header Files</Filter>
    </ClInclude>
    <ClInclude Include="StrategyBaseGridOpenCffex.h">
      <Filter>Header Files</Filter>
    </ClInclude>
    <ClInclude Include="StrategyBaseGridOpen.h">
      <Filter>Header Files</Filter>
    </ClInclude>
    <ClInclude Include="StrategyThreeK.h">
      <Filter>Header Files</Filter>
    </ClInclude>
    <ClInclude Include="StrategyOpenPriceOpeningNight.h">
      <Filter>Header Files</Filter>
    </ClInclude>
    <ClInclude Include="StrategyOpenPriceOpeningAsia.h">
      <Filter>Header Files</Filter>
    </ClInclude>
    <ClInclude Include="TradeDataList.h">
      <Filter>Header Files</Filter>
    </ClInclude>
    <ClInclude Include="StrategyBaseGridMAStopOpenCffex.h">
      <Filter>Header Files</Filter>
    </ClInclude>
    <ClInclude Include="StrategyGridMAStopGTCChop.h">
      <Filter>Header Files</Filter>
    </ClInclude>
    <ClInclude Include="StrategySpeedBreak.h">
      <Filter>Header Files</Filter>
    </ClInclude>
    <ClInclude Include="RSMsgList.h">
      <Filter>Header Files</Filter>
    </ClInclude>
    <ClInclude Include="RiskManagementTcp.h">
      <Filter>Header Files</Filter>
    </ClInclude>
    <ClInclude Include="StrategyDT.h">
      <Filter>Header Files</Filter>
    </ClInclude>
    <ClInclude Include="StrategyBaoChe.h">
      <Filter>Header Files</Filter>
    </ClInclude>
    <ClInclude Include="StrategyBaseGridOpen_plus.h">
      <Filter>Header Files</Filter>
    </ClInclude>
  </ItemGroup>
  <ItemGroup>
    <None Include="res\TestTraderApi.ico">
      <Filter>Resource Files</Filter>
    </None>
    <None Include="res\TestTraderApi.rc2">
      <Filter>Resource Files</Filter>
    </None>
    <None Include="ClassDiagram1.cd" />
    <None Include="ReadMe.txt" />
    <None Include="res\market_strategy_24px_1163368_easyicon.ico">
      <Filter>Resource Files</Filter>
    </None>
    <None Include="res\strategy_16px_1158446_easyicon.net.ico">
      <Filter>Resource Files</Filter>
    </None>
  </ItemGroup>
  <ItemGroup>
    <ResourceCompile Include="TestTraderApi.rc">
      <Filter>Resource Files</Filter>
    </ResourceCompile>
  </ItemGroup>
</Project>